
Microsoft Visual Studio Solution File, Format Version 12.00
# Visual Studio Version 16
VisualStudioVersion = 16.0.30907.101
MinimumVisualStudioVersion = 10.0.40219.1
Project("{9A19103F-16F7-4668-BE54-9A1E7A4F7556}") = "KampIntro", "KampIntro\KampIntro.csproj", "{070E1FA8-7D3C-4F92-9BBE-92063B2F5F17}"
EndProject
Project("{9A19103F-16F7-4668-BE54-9A1E7A4F7556}") = "methods", "methods\methods.csproj", "{26B6E5CD-6038-4765-BA4C-46B3D96A4354}"
EndProject
Project("{9A19103F-16F7-4668-BE54-9A1E7A4F7556}") = "Matematik", "Matematik\Matematik.csproj", "{DF1ED387-984B-45C9-9EFB-A914AE5D4696}"
EndProject
Project("{9A19103F-16F7-4668-BE54-9A1E7A4F7556}") = "OOP1", "OOP1\OOP1.csproj", "{504BE125-06D5-455C-85CB-6FEA99FC9111}"
EndProject
Project("{9A19103F-16F7-4668-BE54-9A1E7A4F7556}") = "Collections", "Collections\Collections.csproj", "{6239F28F-0E8A-487F-A33E-19BC2415AEF9}"
EndProject
Project("{9A19103F-16F7-4668-BE54-9A1E7A4F7556}") = "GenericsIntro", "GenericsIntro\GenericsIntro.csproj", "{E5B06D6B-B471-4D74-9EC5-AC3D340A6DE1}"
EndProject
Project("{9A19103F-16F7-4668-BE54-9A1E7A4F7556}") = "OOP2", "OOP2\OOP2.csproj", "{2C37BB24-3740-4B7C-9CEE-733C935AB9F5}"
EndProject
Project("{9A19103F-16F7-4668-BE54-9A1E7A4F7556}") = "OOP3", "OOP3\OOP3.csproj", "{ECDF484C-1D26-40A3-862D-F4A7E18EE29A}"
EndProject
Project("{9A19103F-16F7-4668-BE54-9A1E7A4F7556}") = "ödev2", "ödev2\ödev2.csproj", "{5A6B36DF-7EBD-4EA4-8A29-013B40AD9B28}"
EndProject
Project("{9A19103F-16F7-4668-BE54-9A1E7A4F7556}") = "ödev2.1", "ödev2.1\ödev2.1.csproj", "{276E86B6-62F0-4580-913C-96D5167FCA1D}"
EndProject
Global
	GlobalSection(SolutionConfigurationPlatforms) = preSolution
		Debug|Any CPU = Debug|Any CPU
		Release|Any CPU = Release|Any CPU
	EndGlobalSection
	GlobalSection(ProjectConfigurationPlatforms) = postSolution
		{070E1FA8-7D3C-4F92-9BBE-92063B2F5F17}.Debug|Any CPU.ActiveCfg = Debug|Any CPU
		{070E1FA8-7D3C-4F92-9BBE-92063B2F5F17}.Debug|Any CPU.Build.0 = Debug|Any CPU
		{070E1FA8-7D3C-4F92-9BBE-92063B2F5F17}.Release|Any CPU.ActiveCfg = Release|Any CPU
		{070E1FA8-7D3C-4F92-9BBE-92063B2F5F17}.Release|Any CPU.Build.0 = Release|Any CPU
		{26B6E5CD-6038-4765-BA4C-46B3D96A4354}.Debug|Any CPU.ActiveCfg = Debug|Any CPU
		{26B6E5CD-6038-4765-BA4C-46B3D96A4354}.Debug|Any CPU.Build.0 = Debug|Any CPU
		{26B6E5CD-6038-4765-BA4C-46B3D96A4354}.Release|Any CPU.ActiveCfg = Release|Any CPU
		{26B6E5CD-6038-4765-BA4C-46B3D96A4354}.Release|Any CPU.Build.0 = Release|Any CPU
		{DF1ED387-984B-45C9-9EFB-A914AE5D4696}.Debug|Any CPU.ActiveCfg = Debug|Any CPU
		{DF1ED387-984B-45C9-9EFB-A914AE5D4696}.Debug|Any CPU.Build.0 = Debug|Any CPU
		{DF1ED387-984B-45C9-9EFB-A914AE5D4696}.Release|Any CPU.ActiveCfg = Release|Any CPU
		{DF1ED387-984B-45C9-9EFB-A914AE5D4696}.Release|Any CPU.Build.0 = Release|Any CPU
		{504BE125-06D5-455C-85CB-6FEA99FC9111}.Debug|Any CPU.ActiveCfg = Debug|Any CPU
		{504BE125-06D5-455C-85CB-6FEA99FC9111}.Debug|Any CPU.Build.0 = Debug|Any CPU
		{504BE125-06D5-455C-85CB-6FEA99FC9111}.Release|Any CPU.ActiveCfg = Release|Any CPU
		{504BE125-06D5-455C-85CB-6FEA99FC9111}.Release|Any CPU.Build.0 = Release|Any CPU
		{6239F28F-0E8A-487F-A33E-19BC2415AEF9}.Debug|Any CPU.ActiveCfg = Debug|Any CPU
		{6239F28F-0E8A-487F-A33E-19BC2415AEF9}.Debug|Any CPU.Build.0 = Debug|Any CPU
		{6239F28F-0E8A-487F-A33E-19BC2415AEF9}.Release|Any CPU.ActiveCfg = Release|Any CPU
		{6239F28F-0E8A-487F-A33E-19BC2415AEF9}.Release|Any CPU.Build.0 = Release|Any CPU
		{E5B06D6B-B471-4D74-9EC5-AC3D340A6DE1}.Debug|Any CPU.ActiveCfg = Debug|Any CPU
		{E5B06D6B-B471-4D74-9EC5-AC3D340A6DE1}.Debug|Any CPU.Build.0 = Debug|Any CPU
		{E5B06D6B-B471-4D74-9EC5-AC3D340A6DE1}.Release|Any CPU.ActiveCfg = Release|Any CPU
		{E5B06D6B-B471-4D74-9EC5-AC3D340A6DE1}.Release|Any CPU.Build.0 = Release|Any CPU
		{2C37BB24-3740-4B7C-9CEE-733C935AB9F5}.Debug|Any CPU.ActiveCfg = Debug|Any CPU
		{2C37BB24-3740-4B7C-9CEE-733C935AB9F5}.Debug|Any CPU.Build.0 = Debug|Any CPU
		{2C37BB24-3740-4B7C-9CEE-733C935AB9F5}.Release|Any CPU.ActiveCfg = Release|Any CPU
		{2C37BB24-3740-4B7C-9CEE-733C935AB9F5}.Release|Any CPU.Build.0 = Release|Any CPU
		{ECDF484C-1D26-40A3-862D-F4A7E18EE29A}.Debug|Any CPU.ActiveCfg = Debug|Any CPU
		{ECDF484C-1D26-40A3-862D-F4A7E18EE29A}.Debug|Any CPU.Build.0 = Debug|Any CPU
		{ECDF484C-1D26-40A3-862D-F4A7E18EE29A}.Release|Any CPU.ActiveCfg = Release|Any CPU
		{ECDF484C-1D26-40A3-862D-F4A7E18EE29A}.Release|Any CPU.Build.0 = Release|Any CPU
		{5A6B36DF-7EBD-4EA4-8A29-013B40AD9B28}.Debug|Any CPU.ActiveCfg = Debug|Any CPU
		{5A6B36DF-7EBD-4EA4-8A29-013B40AD9B28}.Debug|Any CPU.Build.0 = Debug|Any CPU
		{5A6B36DF-7EBD-4EA4-8A29-013B40AD9B28}.Release|Any CPU.ActiveCfg = Release|Any CPU
		{5A6B36DF-7EBD-4EA4-8A29-013B40AD9B28}.Release|Any CPU.Build.0 = Release|Any CPU
		{276E86B6-62F0-4580-913C-96D5167FCA1D}.Debug|Any CPU.ActiveCfg = Debug|Any CPU
		{276E86B6-62F0-4580-913C-96D5167FCA1D}.Debug|Any CPU.Build.0 = Debug|Any CPU
		{276E86B6-62F0-4580-913C-96D5167FCA1D}.Release|Any CPU.ActiveCfg = Release|Any CPU
		{276E86B6-62F0-4580-913C-96D5167FCA1D}.Release|Any CPU.Build.0 = Release|Any CPU
	EndGlobalSection
	GlobalSection(SolutionProperties) = preSolution
		HideSolutionNode = FALSE
	EndGlobalSection
	GlobalSection(ExtensibilityGlobals) = postSolution
		SolutionGuid = {F7A6C62C-FE93-42C9-968E-4FC504E52517}
	EndGlobalSection
EndGlobal
